
Microsoft Visual Studio Solution File, Format Version 12.00
# Visual Studio Version 17
VisualStudioVersion = 17.11.35431.28
MinimumVisualStudioVersion = 10.0.40219.1
Project("{FAE04EC0-301F-11D3-BF4B-00C04F79EFBC}") = "day1", "day1\day1.csproj", "{5B649FB9-6717-4889-941C-051E760F0F34}"
EndProject
Global
	GlobalSection(SolutionConfigurationPlatforms) = preSolution
		Debug|Any CPU = Debug|Any CPU
		Release|Any CPU = Release|Any CPU
	EndGlobalSection
	GlobalSection(ProjectConfigurationPlatforms) = postSolution
		{5B649FB9-6717-4889-941C-051E760F0F34}.Debug|Any CPU.ActiveCfg = Debug|Any CPU
		{5B649FB9-6717-4889-941C-051E760F0F34}.Debug|Any CPU.Build.0 = Debug|Any CPU
		{5B649FB9-6717-4889-941C-051E760F0F34}.Release|Any CPU.ActiveCfg = Release|Any CPU
		{5B649FB9-6717-4889-941C-051E760F0F34}.Release|Any CPU.Build.0 = Release|Any CPU
	EndGlobalSection
	GlobalSection(SolutionProperties) = preSolution
		HideSolutionNode = FALSE
	EndGlobalSection
	GlobalSection(ExtensibilityGlobals) = postSolution
		SolutionGuid = {7E47B9BB-AA94-4ECC-A556-1B0C50D82D39}
	EndGlobalSection
EndGlobal
